// !$*UTF8*$!
{
	archiveVersion = 1;
	classes = {
	};
	objectVersion = 46;
	objects = {

/* Begin PBXBuildFile section */
		EA54C6B31BB9AEB8008FC61F /* CoreBluetooth.framework in Frameworks */ = {isa = PBXBuildFile; fileRef = EA54C6B21BB9AEB8008FC61F /* CoreBluetooth.framework */; };
		EA54C6B51BB9AEC2008FC61F /* SystemConfiguration.framework in Frameworks */ = {isa = PBXBuildFile; fileRef = EA54C6B41BB9AEC2008FC61F /* SystemConfiguration.framework */; };
		EA54C6B71BB9AEEA008FC61F /* UIKit.framework in Frameworks */ = {isa = PBXBuildFile; fileRef = EA54C6B61BB9AEEA008FC61F /* UIKit.framework */; };
		EA54C6B91BB9AEF1008FC61F /* WebKit.framework in Frameworks */ = {isa = PBXBuildFile; fileRef = EA54C6B81BB9AEF1008FC61F /* WebKit.framework */; };
		EA54C6BB1BB9AEFA008FC61F /* CoreGraphics.framework in Frameworks */ = {isa = PBXBuildFile; fileRef = EA54C6BA1BB9AEFA008FC61F /* CoreGraphics.framework */; };
		EA605FB71BC8642F00372E76 /* AuthViewController.m in Sources */ = {isa = PBXBuildFile; fileRef = EA605FB21BC8642F00372E76 /* AuthViewController.m */; settings = {ASSET_TAGS = (); }; };
		EA605FB81BC8642F00372E76 /* DeviceSelectionTableViewController.m in Sources */ = {isa = PBXBuildFile; fileRef = EA605FB41BC8642F00372E76 /* DeviceSelectionTableViewController.m */; settings = {ASSET_TAGS = (); }; };
		EA605FB91BC8642F00372E76 /* LedFlasherViewController.m in Sources */ = {isa = PBXBuildFile; fileRef = EA605FB61BC8642F00372E76 /* LedFlasherViewController.m */; settings = {ASSET_TAGS = (); }; };
		EA605FC01BC8644600372E76 /* AppDelegate.m in Sources */ = {isa = PBXBuildFile; fileRef = EA605FBB1BC8644600372E76 /* AppDelegate.m */; settings = {ASSET_TAGS = (); }; };
		EA605FC21BC8644600372E76 /* WeaveConstants.m in Sources */ = {isa = PBXBuildFile; fileRef = EA605FBF1BC8644600372E76 /* WeaveConstants.m */; settings = {ASSET_TAGS = (); }; };
		EA605FC61BC8645300372E76 /* Assets.xcassets in Resources */ = {isa = PBXBuildFile; fileRef = EA605FC31BC8645300372E76 /* Assets.xcassets */; settings = {ASSET_TAGS = (); }; };
		EA605FC71BC8645300372E76 /* GTMOAuth2ViewTouch.xib in Resources */ = {isa = PBXBuildFile; fileRef = EA605FC41BC8645300372E76 /* GTMOAuth2ViewTouch.xib */; settings = {ASSET_TAGS = (); }; };
		EA605FCA1BC8646400372E76 /* main.m in Sources */ = {isa = PBXBuildFile; fileRef = EA605FC91BC8646400372E76 /* main.m */; settings = {ASSET_TAGS = (); }; };
		EA605FD11BC8650600372E76 /* LaunchScreen.storyboard in Resources */ = {isa = PBXBuildFile; fileRef = EA605FCD1BC8650600372E76 /* LaunchScreen.storyboard */; settings = {ASSET_TAGS = (); }; };
		EA605FD21BC8650600372E76 /* Main.storyboard in Resources */ = {isa = PBXBuildFile; fileRef = EA605FCF1BC8650600372E76 /* Main.storyboard */; settings = {ASSET_TAGS = (); }; };
/* End PBXBuildFile section */

/* Begin PBXCopyFilesBuildPhase section */
		EA06D64C1BBAF43800232A42 /* Embed Frameworks */ = {
			isa = PBXCopyFilesBuildPhase;
			buildActionMask = 2147483647;
			dstPath = "";
			dstSubfolderSpec = 10;
			files = (
			);
			name = "Embed Frameworks";
			runOnlyForDeploymentPostprocessing = 0;
		};
/* End PBXCopyFilesBuildPhase section */

/* Begin PBXFileReference section */
		EA54C68C1BB98DCA008FC61F /* LedFlasher.app */ = {isa = PBXFileReference; explicitFileType = wrapper.application; includeInIndex = 0; path = LedFlasher.app; sourceTree = BUILT_PRODUCTS_DIR; };
		EA54C6B21BB9AEB8008FC61F /* CoreBluetooth.framework */ = {isa = PBXFileReference; lastKnownFileType = wrapper.framework; name = CoreBluetooth.framework; path = System/Library/Frameworks/CoreBluetooth.framework; sourceTree = SDKROOT; };
		EA54C6B41BB9AEC2008FC61F /* SystemConfiguration.framework */ = {isa = PBXFileReference; lastKnownFileType = wrapper.framework; name = SystemConfiguration.framework; path = System/Library/Frameworks/SystemConfiguration.framework; sourceTree = SDKROOT; };
		EA54C6B61BB9AEEA008FC61F /* UIKit.framework */ = {isa = PBXFileReference; lastKnownFileType = wrapper.framework; name = UIKit.framework; path = System/Library/Frameworks/UIKit.framework; sourceTree = SDKROOT; };
		EA54C6B81BB9AEF1008FC61F /* WebKit.framework */ = {isa = PBXFileReference; lastKnownFileType = wrapper.framework; name = WebKit.framework; path = System/Library/Frameworks/WebKit.framework; sourceTree = SDKROOT; };
		EA54C6BA1BB9AEFA008FC61F /* CoreGraphics.framework */ = {isa = PBXFileReference; lastKnownFileType = wrapper.framework; name = CoreGraphics.framework; path = System/Library/Frameworks/CoreGraphics.framework; sourceTree = SDKROOT; };
		EA605FB11BC8642F00372E76 /* AuthViewController.h */ = {isa = PBXFileReference; fileEncoding = 4; lastKnownFileType = sourcecode.c.h; name = AuthViewController.h; path = LedFlasher/AuthViewController.h; sourceTree = SOURCE_ROOT; };
		EA605FB21BC8642F00372E76 /* AuthViewController.m */ = {isa = PBXFileReference; fileEncoding = 4; lastKnownFileType = sourcecode.c.objc; name = AuthViewController.m; path = LedFlasher/AuthViewController.m; sourceTree = SOURCE_ROOT; };
		EA605FB31BC8642F00372E76 /* DeviceSelectionTableViewController.h */ = {isa = PBXFileReference; fileEncoding = 4; lastKnownFileType = sourcecode.c.h; name = DeviceSelectionTableViewController.h; path = LedFlasher/DeviceSelectionTableViewController.h; sourceTree = SOURCE_ROOT; };
		EA605FB41BC8642F00372E76 /* DeviceSelectionTableViewController.m */ = {isa = PBXFileReference; fileEncoding = 4; lastKnownFileType = sourcecode.c.objc; name = DeviceSelectionTableViewController.m; path = LedFlasher/DeviceSelectionTableViewController.m; sourceTree = SOURCE_ROOT; };
		EA605FB51BC8642F00372E76 /* LedFlasherViewController.h */ = {isa = PBXFileReference; fileEncoding = 4; lastKnownFileType = sourcecode.c.h; name = LedFlasherViewController.h; path = LedFlasher/LedFlasherViewController.h; sourceTree = SOURCE_ROOT; };
		EA605FB61BC8642F00372E76 /* LedFlasherViewController.m */ = {isa = PBXFileReference; fileEncoding = 4; lastKnownFileType = sourcecode.c.objc; name = LedFlasherViewController.m; path = LedFlasher/LedFlasherViewController.m; sourceTree = SOURCE_ROOT; };
		EA605FBA1BC8644600372E76 /* AppDelegate.h */ = {isa = PBXFileReference; fileEncoding = 4; lastKnownFileType = sourcecode.c.h; name = AppDelegate.h; path = LedFlasher/AppDelegate.h; sourceTree = SOURCE_ROOT; };
		EA605FBB1BC8644600372E76 /* AppDelegate.m */ = {isa = PBXFileReference; fileEncoding = 4; lastKnownFileType = sourcecode.c.objc; name = AppDelegate.m; path = LedFlasher/AppDelegate.m; sourceTree = SOURCE_ROOT; };
		EA605FBE1BC8644600372E76 /* WeaveConstants.h */ = {isa = PBXFileReference; fileEncoding = 4; lastKnownFileType = sourcecode.c.h; name = WeaveConstants.h; path = LedFlasher/WeaveConstants.h; sourceTree = SOURCE_ROOT; };
		EA605FBF1BC8644600372E76 /* WeaveConstants.m */ = {isa = PBXFileReference; fileEncoding = 4; lastKnownFileType = sourcecode.c.objc; name = WeaveConstants.m; path = LedFlasher/WeaveConstants.m; sourceTree = SOURCE_ROOT; };
		EA605FC31BC8645300372E76 /* Assets.xcassets */ = {isa = PBXFileReference; lastKnownFileType = folder.assetcatalog; name = Assets.xcassets; path = LedFlasher/Assets.xcassets; sourceTree = SOURCE_ROOT; };
		EA605FC41BC8645300372E76 /* GTMOAuth2ViewTouch.xib */ = {isa = PBXFileReference; fileEncoding = 4; lastKnownFileType = file.xib; name = GTMOAuth2ViewTouch.xib; path = LedFlasher/GTMOAuth2ViewTouch.xib; sourceTree = SOURCE_ROOT; };
		EA605FC51BC8645300372E76 /* Info.plist */ = {isa = PBXFileReference; fileEncoding = 4; lastKnownFileType = text.plist.xml; name = Info.plist; path = LedFlasher/Info.plist; sourceTree = SOURCE_ROOT; };
		EA605FC91BC8646400372E76 /* main.m */ = {isa = PBXFileReference; fileEncoding = 4; lastKnownFileType = sourcecode.c.objc; name = main.m; path = LedFlasher/main.m; sourceTree = SOURCE_ROOT; };
		EA605FCE1BC8650600372E76 /* Base */ = {isa = PBXFileReference; lastKnownFileType = file.storyboard; name = Base; path = LedFlasher/Base.lproj/LaunchScreen.storyboard; sourceTree = SOURCE_ROOT; };
		EA605FD01BC8650600372E76 /* Base */ = {isa = PBXFileReference; lastKnownFileType = file.storyboard; name = Base; path = LedFlasher/Base.lproj/Main.storyboard; sourceTree = SOURCE_ROOT; };
/* End PBXFileReference section */

/* Begin PBXFrameworksBuildPhase section */
		EA54C6891BB98DCA008FC61F /* Frameworks */ = {
			isa = PBXFrameworksBuildPhase;
			buildActionMask = 2147483647;
			files = (
				EA54C6BB1BB9AEFA008FC61F /* CoreGraphics.framework in Frameworks */,
				EA54C6B91BB9AEF1008FC61F /* WebKit.framework in Frameworks */,
				EA54C6B71BB9AEEA008FC61F /* UIKit.framework in Frameworks */,
				EA54C6B51BB9AEC2008FC61F /* SystemConfiguration.framework in Frameworks */,
				EA54C6B31BB9AEB8008FC61F /* CoreBluetooth.framework in Frameworks */,
			);
			runOnlyForDeploymentPostprocessing = 0;
		};
/* End PBXFrameworksBuildPhase section */

/* Begin PBXGroup section */
		EA54C6831BB98DCA008FC61F = {
			isa = PBXGroup;
			children = (
				EA54C68E1BB98DCA008FC61F /* LedFlasher */,
				EA54C68D1BB98DCA008FC61F /* Products */,
			);
			sourceTree = "<group>";
		};
		EA54C68D1BB98DCA008FC61F /* Products */ = {
			isa = PBXGroup;
			children = (
				EA54C68C1BB98DCA008FC61F /* LedFlasher.app */,
			);
			name = Products;
			sourceTree = "<group>";
		};
		EA54C68E1BB98DCA008FC61F /* LedFlasher */ = {
			isa = PBXGroup;
			children = (
				EAD5E0081BBDE0B500809409 /* Controllers */,
				EA605FBA1BC8644600372E76 /* AppDelegate.h */,
				EA605FBB1BC8644600372E76 /* AppDelegate.m */,
				EA605FBE1BC8644600372E76 /* WeaveConstants.h */,
				EA605FBF1BC8644600372E76 /* WeaveConstants.m */,
				EA605FCD1BC8650600372E76 /* LaunchScreen.storyboard */,
				EA605FCF1BC8650600372E76 /* Main.storyboard */,
				EA54C68F1BB98DCA008FC61F /* Supporting Files */,
				EA605FC91BC8646400372E76 /* main.m */,
			);
			name = LedFlasher;
			path = "LED Flasher";
			sourceTree = "<group>";
		};
		EA54C68F1BB98DCA008FC61F /* Supporting Files */ = {
			isa = PBXGroup;
			children = (
				EA605FC31BC8645300372E76 /* Assets.xcassets */,
				EA605FC41BC8645300372E76 /* GTMOAuth2ViewTouch.xib */,
				EA605FC51BC8645300372E76 /* Info.plist */,
				EA54C6C01BB9B460008FC61F /* Frameworks */,
			);
			name = "Supporting Files";
			sourceTree = "<group>";
		};
		EA54C6C01BB9B460008FC61F /* Frameworks */ = {
			isa = PBXGroup;
			children = (
				EA54C6BA1BB9AEFA008FC61F /* CoreGraphics.framework */,
				EA54C6B61BB9AEEA008FC61F /* UIKit.framework */,
				EA54C6B81BB9AEF1008FC61F /* WebKit.framework */,
				EA54C6B41BB9AEC2008FC61F /* SystemConfiguration.framework */,
				EA54C6B21BB9AEB8008FC61F /* CoreBluetooth.framework */,
			);
			name = Frameworks;
			sourceTree = "<group>";
		};
		EAD5E0081BBDE0B500809409 /* Controllers */ = {
			isa = PBXGroup;
			children = (
				EA605FB11BC8642F00372E76 /* AuthViewController.h */,
				EA605FB21BC8642F00372E76 /* AuthViewController.m */,
				EA605FB31BC8642F00372E76 /* DeviceSelectionTableViewController.h */,
				EA605FB41BC8642F00372E76 /* DeviceSelectionTableViewController.m */,
				EA605FB51BC8642F00372E76 /* LedFlasherViewController.h */,
				EA605FB61BC8642F00372E76 /* LedFlasherViewController.m */,
			);
			name = Controllers;
			sourceTree = "<group>";
		};
/* End PBXGroup section */

/* Begin PBXNativeTarget section */
		EA54C68B1BB98DCA008FC61F /* LedFlasher */ = {
			isa = PBXNativeTarget;
			buildConfigurationList = EA54C6A31BB98DCA008FC61F /* Build configuration list for PBXNativeTarget "LedFlasher" */;
			buildPhases = (
				EA54C6881BB98DCA008FC61F /* Sources */,
				EA54C6891BB98DCA008FC61F /* Frameworks */,
				EA54C68A1BB98DCA008FC61F /* Resources */,
				EA06D64C1BBAF43800232A42 /* Embed Frameworks */,
			);
			buildRules = (
			);
			dependencies = (
			);
			name = LedFlasher;
			productName = "LED Flasher";
			productReference = EA54C68C1BB98DCA008FC61F /* LedFlasher.app */;
			productType = "com.apple.product-type.application";
		};
/* End PBXNativeTarget section */

/* Begin PBXProject section */
		EA54C6841BB98DCA008FC61F /* Project object */ = {
			isa = PBXProject;
			attributes = {
				LastUpgradeCheck = 0700;
				ORGANIZATIONNAME = Google;
				TargetAttributes = {
					EA54C68B1BB98DCA008FC61F = {
						CreatedOnToolsVersion = 7.0;
					};
				};
			};
			buildConfigurationList = EA54C6871BB98DCA008FC61F /* Build configuration list for PBXProject "LedFlasher" */;
			compatibilityVersion = "Xcode 3.2";
			developmentRegion = English;
			hasScannedForEncodings = 0;
			knownRegions = (
				en,
				Base,
			);
			mainGroup = EA54C6831BB98DCA008FC61F;
			productRefGroup = EA54C68D1BB98DCA008FC61F /* Products */;
			projectDirPath = "";
			projectRoot = "";
			targets = (
				EA54C68B1BB98DCA008FC61F /* LedFlasher */,
			);
		};
/* End PBXProject section */

/* Begin PBXResourcesBuildPhase section */
		EA54C68A1BB98DCA008FC61F /* Resources */ = {
			isa = PBXResourcesBuildPhase;
			buildActionMask = 2147483647;
			files = (
				EA605FC71BC8645300372E76 /* GTMOAuth2ViewTouch.xib in Resources */,
				EA605FD21BC8650600372E76 /* Main.storyboard in Resources */,
				EA605FD11BC8650600372E76 /* LaunchScreen.storyboard in Resources */,
				EA605FC61BC8645300372E76 /* Assets.xcassets in Resources */,
			);
			runOnlyForDeploymentPostprocessing = 0;
		};
/* End PBXResourcesBuildPhase section */

/* Begin PBXSourcesBuildPhase section */
		EA54C6881BB98DCA008FC61F /* Sources */ = {
			isa = PBXSourcesBuildPhase;
			buildActionMask = 2147483647;
			files = (
				EA605FB71BC8642F00372E76 /* AuthViewController.m in Sources */,
				EA605FB91BC8642F00372E76 /* LedFlasherViewController.m in Sources */,
				EA605FC21BC8644600372E76 /* WeaveConstants.m in Sources */,
				EA605FB81BC8642F00372E76 /* DeviceSelectionTableViewController.m in Sources */,
				EA605FCA1BC8646400372E76 /* main.m in Sources */,
				EA605FC01BC8644600372E76 /* AppDelegate.m in Sources */,
			);
			runOnlyForDeploymentPostprocessing = 0;
		};
/* End PBXSourcesBuildPhase section */

/* Begin PBXVariantGroup section */
		EA605FCD1BC8650600372E76 /* LaunchScreen.storyboard */ = {
			isa = PBXVariantGroup;
			children = (
				EA605FCE1BC8650600372E76 /* Base */,
			);
			name = LaunchScreen.storyboard;
			sourceTree = "<group>";
		};
		EA605FCF1BC8650600372E76 /* Main.storyboard */ = {
			isa = PBXVariantGroup;
			children = (
				EA605FD01BC8650600372E76 /* Base */,
			);
			name = Main.storyboard;
			sourceTree = "<group>";
		};
/* End PBXVariantGroup section */

/* Begin XCBuildConfiguration section */
		EA54C6A11BB98DCA008FC61F /* Debug */ = {
			isa = XCBuildConfiguration;
			buildSettings = {
				ALWAYS_SEARCH_USER_PATHS = NO;
				CLANG_CXX_LANGUAGE_STANDARD = "gnu++0x";
				CLANG_CXX_LIBRARY = "libc++";
				CLANG_ENABLE_MODULES = YES;
				CLANG_ENABLE_OBJC_ARC = YES;
				CLANG_WARN_BOOL_CONVERSION = YES;
				CLANG_WARN_CONSTANT_CONVERSION = YES;
				CLANG_WARN_DIRECT_OBJC_ISA_USAGE = YES_ERROR;
				CLANG_WARN_EMPTY_BODY = YES;
				CLANG_WARN_ENUM_CONVERSION = YES;
				CLANG_WARN_INT_CONVERSION = YES;
				CLANG_WARN_OBJC_ROOT_CLASS = YES_ERROR;
				CLANG_WARN_UNREACHABLE_CODE = YES;
				CLANG_WARN__DUPLICATE_METHOD_MATCH = YES;
				"CODE_SIGN_IDENTITY[sdk=iphoneos*]" = "iPhone Developer";
				COPY_PHASE_STRIP = NO;
				DEBUG_INFORMATION_FORMAT = dwarf;
				ENABLE_STRICT_OBJC_MSGSEND = YES;
				ENABLE_TESTABILITY = YES;
				GCC_C_LANGUAGE_STANDARD = gnu99;
				GCC_DYNAMIC_NO_PIC = NO;
				GCC_NO_COMMON_BLOCKS = YES;
				GCC_OPTIMIZATION_LEVEL = 0;
				GCC_PREPROCESSOR_DEFINITIONS = (
					"DEBUG=1",
					"$(inherited)",
				);
				GCC_WARN_64_TO_32_BIT_CONVERSION = YES;
				GCC_WARN_ABOUT_RETURN_TYPE = YES_ERROR;
				GCC_WARN_UNDECLARED_SELECTOR = YES;
				GCC_WARN_UNINITIALIZED_AUTOS = YES_AGGRESSIVE;
				GCC_WARN_UNUSED_FUNCTION = YES;
				GCC_WARN_UNUSED_VARIABLE = YES;
				IPHONEOS_DEPLOYMENT_TARGET = 9.0;
				MTL_ENABLE_DEBUG_INFO = YES;
				ONLY_ACTIVE_ARCH = YES;
				SDKROOT = iphoneos;
				TARGETED_DEVICE_FAMILY = "1,2";
			};
			name = Debug;
		};
		EA54C6A21BB98DCA008FC61F /* Release */ = {
			isa = XCBuildConfiguration;
			buildSettings = {
				ALWAYS_SEARCH_USER_PATHS = NO;
				CLANG_CXX_LANGUAGE_STANDARD = "gnu++0x";
				CLANG_CXX_LIBRARY = "libc++";
				CLANG_ENABLE_MODULES = YES;
				CLANG_ENABLE_OBJC_ARC = YES;
				CLANG_WARN_BOOL_CONVERSION = YES;
				CLANG_WARN_CONSTANT_CONVERSION = YES;
				CLANG_WARN_DIRECT_OBJC_ISA_USAGE = YES_ERROR;
				CLANG_WARN_EMPTY_BODY = YES;
				CLANG_WARN_ENUM_CONVERSION = YES;
				CLANG_WARN_INT_CONVERSION = YES;
				CLANG_WARN_OBJC_ROOT_CLASS = YES_ERROR;
				CLANG_WARN_UNREACHABLE_CODE = YES;
				CLANG_WARN__DUPLICATE_METHOD_MATCH = YES;
				"CODE_SIGN_IDENTITY[sdk=iphoneos*]" = "iPhone Developer";
				COPY_PHASE_STRIP = NO;
				DEBUG_INFORMATION_FORMAT = "dwarf-with-dsym";
				ENABLE_NS_ASSERTIONS = NO;
				ENABLE_STRICT_OBJC_MSGSEND = YES;
				GCC_C_LANGUAGE_STANDARD = gnu99;
				GCC_NO_COMMON_BLOCKS = YES;
				GCC_WARN_64_TO_32_BIT_CONVERSION = YES;
				GCC_WARN_ABOUT_RETURN_TYPE = YES_ERROR;
				GCC_WARN_UNDECLARED_SELECTOR = YES;
				GCC_WARN_UNINITIALIZED_AUTOS = YES_AGGRESSIVE;
				GCC_WARN_UNUSED_FUNCTION = YES;
				GCC_WARN_UNUSED_VARIABLE = YES;
				IPHONEOS_DEPLOYMENT_TARGET = 9.0;
				MTL_ENABLE_DEBUG_INFO = NO;
				SDKROOT = iphoneos;
				TARGETED_DEVICE_FAMILY = "1,2";
				VALIDATE_PRODUCT = YES;
			};
			name = Release;
		};
		EA54C6A41BB98DCA008FC61F /* Debug */ = {
			isa = XCBuildConfiguration;
			buildSettings = {
				ASSETCATALOG_COMPILER_APPICON_NAME = AppIcon;
				ENABLE_BITCODE = NO;
				FRAMEWORK_SEARCH_PATHS = (
					"$(inherited)",
					"$(PROJECT_DIR)",
				);
				INFOPLIST_FILE = LedFlasher/Info.plist;
				LD_RUNPATH_SEARCH_PATHS = "$(inherited) @executable_path/Frameworks";
				PRODUCT_BUNDLE_IDENTIFIER = com.google.LedFlasher;
				PRODUCT_NAME = LedFlasher;
			};
			name = Debug;
		};
		EA54C6A51BB98DCA008FC61F /* Release */ = {
			isa = XCBuildConfiguration;
			buildSettings = {
				ASSETCATALOG_COMPILER_APPICON_NAME = AppIcon;
				ENABLE_BITCODE = NO;
				FRAMEWORK_SEARCH_PATHS = (
					"$(inherited)",
					"$(PROJECT_DIR)",
				);
				INFOPLIST_FILE = LedFlasher/Info.plist;
				LD_RUNPATH_SEARCH_PATHS = "$(inherited) @executable_path/Frameworks";
				PRODUCT_BUNDLE_IDENTIFIER = com.google.LedFlasher;
				PRODUCT_NAME = LedFlasher;
			};
			name = Release;
		};
/* End XCBuildConfiguration section */

/* Begin XCConfigurationList section */
		EA54C6871BB98DCA008FC61F /* Build configuration list for PBXProject "LedFlasher" */ = {
			isa = XCConfigurationList;
			buildConfigurations = (
				EA54C6A11BB98DCA008FC61F /* Debug */,
				EA54C6A21BB98DCA008FC61F /* Release */,
			);
			defaultConfigurationIsVisible = 0;
			defaultConfigurationName = Release;
		};
		EA54C6A31BB98DCA008FC61F /* Build configuration list for PBXNativeTarget "LedFlasher" */ = {
			isa = XCConfigurationList;
			buildConfigurations = (
				EA54C6A41BB98DCA008FC61F /* Debug */,
				EA54C6A51BB98DCA008FC61F /* Release */,
			);
			defaultConfigurationIsVisible = 0;
			defaultConfigurationName = Release;
		};
/* End XCConfigurationList section */
	};
	rootObject = EA54C6841BB98DCA008FC61F /* Project object */;
}
